# This file is autogenerated, do not edit; changes may be undone by the next 'dep ensure'.


[[projects]]
  branch = "master"
  digest = "1:47ea4fbe2ab4aeb9808502c51e657041c2e49b36b83fc1c1a349135cdf16342f"
  name = "github.com/agl/ed25519"
  packages = [
    ".",
    "edwards25519",
  ]
  pruneopts = "UT"
  revision = "5312a61534124124185d41f09206b9fef1d88403"

[[projects]]
  branch = "master"
  digest = "1:ca0f6e4875bc0473760007105d3caedce41b8d230ad094328beaee3d859c69cf"
  name = "github.com/brutella/dnssd"
  packages = [
    ".",
    "log",
  ]
  pruneopts = "UT"
  revision = "a1eecd10aafc0f8a4971c78dfc36e8778599434b"

[[projects]]
  digest = "1:50ece0e1924258de5d556d149bfb271496750b94b2ebabe51d81a71961e4e5e6"
  name = "github.com/brutella/hc"
  packages = [
    ".",
    "accessory",
    "characteristic",
    "crypto",
    "crypto/chacha20poly1305",
    "crypto/curve25519",
    "crypto/hkdf",
    "db",
    "event",
    "hap",
    "hap/controller",
    "hap/data",
    "hap/endpoint",
    "hap/http",
    "hap/pair",
    "log",
    "service",
    "util",
  ]
  pruneopts = "UT"
  revision = "808fc56a349750ad4e1ce3ab4d37a6c3498348cb"

[[projects]]
  branch = "master"
  digest = "1:abba8cb01d6014307c206230ebeb3a371012d0a5b52fa6d4bd67df7cd840bfa4"
  name = "github.com/forfuncsake/minissdpc"
  packages = ["."]
  pruneopts = "UT"
  revision = "e8e011216ae6d98aa0f82e76d84e6e55b133a881"

[[projects]]
  branch = "master"
  digest = "1:75da25bfac9775d30526da2d54dc45b514e263e2b183d98a363430720b817375"
  name = "github.com/forfuncsake/smartswitch"
  packages = ["."]
  pruneopts = "UT"
  revision = "d6e8b665700f5e7e2a188f04fa5223aef54ba510"

[[projects]]
  branch = "master"
  digest = "1:e6767b4a23d757750a6954f01ab9499bc8a638324c31d2aebb04db3bee5df801"
  name = "github.com/fromkeith/gossdp"
  packages = ["."]
  pruneopts = "UT"
  revision = "1b2c43f6886e14496400ab0448e2eea9d8bc5b82"

[[projects]]
  branch = "master"
  digest = "1:cf2c701ef0396364e4b9964e68810ea873142eed2f7356744dacc2ed75edf0af"
  name = "github.com/gosexy/to"
  packages = ["."]
  pruneopts = "UT"
  revision = "c20e083e31230b84ffa23c5d2fb0bc55f5292681"

[[projects]]
  digest = "1:edbef42561faa44c19129b68d1e109fbc1647f63239250391eadc8d0e7c9f669"
  name = "github.com/kelseyhightower/envconfig"
  packages = ["."]
  pruneopts = "UT"
  revision = "f611eb38b3875cc3bd991ca91c51d06446afa14c"
  version = "v1.3.0"

[[projects]]
  digest = "1:463e4140189f8194f9121ca1c7fe3b8e9e9a2ab3d949b43c835c21034927dc62"
  name = "github.com/miekg/dns"
  packages = ["."]
  pruneopts = "UT"
  revision = "5a2b9fab83ff0f8bfc99684bd5f43a37abe560f1"
  version = "v1.0.8"

[[projects]]
  digest = "1:274f67cb6fed9588ea2521ecdac05a6d62a8c51c074c1fccc6a49a40ba80e925"
  name = "github.com/satori/go.uuid"
  packages = ["."]
  pruneopts = "UT"
  revision = "f58768cc1a7a7e77a3bd49e98cdd21419399b6a3"
  version = "v1.2.0"

[[projects]]
  branch = "master"
  digest = "1:4203ff9f9475785fe17a29ce1f4e72098d770606a14b6559e8ddc3bd3f579f5e"
  name = "github.com/tadglines/go-pkgs"
  packages = ["crypto/srp"]
  pruneopts = "UT"
  revision = "1f86682992f1a784aa7592b2be0ae80f194b2479"

[[projects]]
  branch = "master"
  digest = "1:35d71dddeba667341739220cd55ce8e4ecd4595f42b4c0823a5c101b7d989ecc"
  name = "golang.org/x/crypto"
  packages = [
    "chacha20poly1305",
    "curve25519",
    "ed25519",
    "ed25519/internal/edwards25519",
    "hkdf",
    "internal/chacha20",
    "internal/subtle",
    "poly1305",
  ]
  pruneopts = "UT"
  revision = "614d502a4dac94afa3a6ce146bd1736da82514c6"

[[projects]]
  branch = "master"
  digest = "1:7679523acab7ab7d18ac9e00b46991470a212a1e3dc653027db8f331b02397a2"
  name = "golang.org/x/net"
  packages = [
    "bpf",
    "internal/iana",
    "internal/socket",
    "ipv4",
    "ipv6",
  ]
  pruneopts = "UT"
  revision = "8a410e7b638dca158bf9e766925842f6651ff828"

[[projects]]
  branch = "master"
  digest = "1:8392490b249a3602a13813be12324d3b16eca044ae185ff32cdd9e267706e208"
  name = "golang.org/x/sys"
  packages = ["cpu"]
  pruneopts = "UT"
  revision = "4910a1d54f876d7b22162a85f4d066d3ee649450"

[solve-meta]
  analyzer-name = "dep"
  analyzer-version = 1
  input-imports = [
    "github.com/brutella/hc",
    "github.com/brutella/hc/accessory",
    "github.com/brutella/hc/characteristic",
    "github.com/brutella/hc/service",
    "github.com/forfuncsake/smartswitch",
    "github.com/kelseyhightower/envconfig",
  ]
  solver-name = "gps-cdcl"
  solver-version = 1
